# THIS IS AN AUTOGENERATED FILE. DO NOT EDIT THIS FILE DIRECTLY.
# yarn lockfile v1


"@esbuild/android-arm64@0.16.2":
  version "0.16.2"
  resolved "https://registry.npmmirror.com/@esbuild/android-arm64/-/android-arm64-0.16.2.tgz#cdc8e99494d80a6ebfc7abc41914c4a8b98314ae"
  integrity sha512-3CjbygjFHmtxDW59FOUM1T28G+aVqzbM+cNNinMgRUq+bmAstJdqmJL/KqpUwuCRTri4BgHJRWQbHOQFLwIpxw==

"@esbuild/android-arm@0.15.18":
  version "0.15.18"
  resolved "https://registry.npmmirror.com/@esbuild/android-arm/-/android-arm-0.15.18.tgz#266d40b8fdcf87962df8af05b76219bc786b4f80"
  integrity sha512-5GT+kcs2WVGjVs7+boataCkO5Fg0y4kCjzkB5bAip7H4jfnOS3dA6KPiww9W1OEKTKeAcUVhdZGvgI65OXmUnw==

"@esbuild/android-arm@0.16.2":
  version "0.16.2"
  resolved "https://registry.npmmirror.com/@esbuild/android-arm/-/android-arm-0.16.2.tgz#585ac1f25abce4c7b996f0a84f33f0ae6df043cb"
  integrity sha512-t8zq/Ad8njye3tYkbdBYAEGBExCyqFuPnKmKgLBF9+nIwAS/V3FYck6BjAx813JCGXkNsR1iriS8jQFwydT+FA==

"@esbuild/android-x64@0.16.2":
  version "0.16.2"
  resolved "https://registry.npmmirror.com/@esbuild/android-x64/-/android-x64-0.16.2.tgz#544d96e13f9551365b360d1139bed3c1da5cd575"
  integrity sha512-J5pzzVs9gHRQff8vUBhGMRQU1avwD9IVTSfzhdnKRqlxq0hsdcgZxH95Ckj/q2KJ4nMPYfDBSRXrrvQ4PyMpFA==

"@esbuild/darwin-arm64@0.16.2":
  version "0.16.2"
  resolved "https://registry.npmmirror.com/@esbuild/darwin-arm64/-/darwin-arm64-0.16.2.tgz#f417bc18cb80cfaa95aecb8ddc9e6a74be26c92c"
  integrity sha512-XmjlYmR1UTEdMT2X3TxnA0hG8zOi3q/BzqNN6/PDBxw/UxE9gdj7LGwiQus5HHZM03vSvjRO7WJ7qaJBGBWnpQ==

"@esbuild/darwin-x64@0.16.2":
  version "0.16.2"
  resolved "https://registry.npmmirror.com/@esbuild/darwin-x64/-/darwin-x64-0.16.2.tgz#d2695c66fd8a4e17a2f7d2c9f2bd6babf1c9c161"
  integrity sha512-nq5cXgzbXHhBqZEPpuXrf2+BV6QWUM8vAyT/ElJrdIkoGOHwNQJEqZHl3KOWK+1V3KXEXgJhh7DsLixIc677ZQ==

"@esbuild/freebsd-arm64@0.16.2":
  version "0.16.2"
  resolved "https://registry.npmmirror.com/@esbuild/freebsd-arm64/-/freebsd-arm64-0.16.2.tgz#3abbf2a113dbcb77f253f031c412a27874a31b71"
  integrity sha512-1QuZr7GnoipDYMFJDucqXmVvJZidZuHbvw5QLzBehYq67GR1Jub9pSo6O0Rt4LtKnu3TF2K/bjgzPJAGFY6W4Q==

"@esbuild/freebsd-x64@0.16.2":
  version "0.16.2"
  resolved "https://registry.npmmirror.com/@esbuild/freebsd-x64/-/freebsd-x64-0.16.2.tgz#7e68876fbe0e6e8fc9f45f880a2b393e61f54bf3"
  integrity sha512-uvbv99Wg2T489bqUz4gYVb2IpSSZZP/uTkaZpaLN+h3x58FmsLT4o7bF1Refd2JIKuONxSobljlk5/K/RD9SsQ==

"@esbuild/linux-arm64@0.16.2":
  version "0.16.2"
  resolved "https://registry.npmmirror.com/@esbuild/linux-arm64/-/linux-arm64-0.16.2.tgz#2d186a0f336a4022b38c0994404ad4541b850d46"
  integrity sha512-S7EwMhEUMzYfd9KTHJX7Y3bKz7/9sZDRJPp10EOQ3Qqp10WvX2G42Q2c7rfymnm9aM5ZWs+W8WgbLFAUnjC3Wg==

"@esbuild/linux-arm@0.16.2":
  version "0.16.2"
  resolved "https://registry.npmmirror.com/@esbuild/linux-arm/-/linux-arm-0.16.2.tgz#3a816b6349655ac5e80117947543028d8eedeaf8"
  integrity sha512-8n2UozHygOGXzgysim6GifKjv+lW4fs3mlfaoKerwBIOT9OBCo1Q4AjvbtU3F+2AGyo8eavxnj6Xxx0DRTOwiw==

"@esbuild/linux-ia32@0.16.2":
  version "0.16.2"
  resolved "https://registry.npmmirror.com/@esbuild/linux-ia32/-/linux-ia32-0.16.2.tgz#6ec937d2c4a17db5c6bb0b898e86c42df97422f4"
  integrity sha512-TRz3MDvv65zXZ4NTJYi1yyVj17Qrsm8y6J8r4qIdd2qszRLPHmte4LAazPa7g+To6QfM2kL3gHmVhwV6GcYz0g==

"@esbuild/linux-loong64@0.15.18":
  version "0.15.18"
  resolved "https://registry.npmmirror.com/@esbuild/linux-loong64/-/linux-loong64-0.15.18.tgz#128b76ecb9be48b60cf5cfc1c63a4f00691a3239"
  integrity sha512-L4jVKS82XVhw2nvzLg/19ClLWg0y27ulRwuP7lcyL6AbUWB5aPglXY3M21mauDQMDfRLs8cQmeT03r/+X3cZYQ==

"@esbuild/linux-loong64@0.16.2":
  version "0.16.2"
  resolved "https://registry.npmmirror.com/@esbuild/linux-loong64/-/linux-loong64-0.16.2.tgz#6f611b6e03f5404b5e3d45040f0d743071b1229b"
  integrity sha512-yhHJCvPQjh/8wLEk336QzXMHYnMKJdzLcNAnXwVawSvsLqyzTYrGshrO1YMhzs5cWgR75DFNnhcAFgEtleAZOw==

"@esbuild/linux-mips64el@0.16.2":
  version "0.16.2"
  resolved "https://registry.npmmirror.com/@esbuild/linux-mips64el/-/linux-mips64el-0.16.2.tgz#5c76d385d68189336b78dfc933a77d13465eee5c"
  integrity sha512-YwMpV41qIKRHASV4MaaA/PKk9CoZ4QyVyPXhUtLTO9kPWtWECRI4MTBrGIb9kGUpL6I+jiT4fAZn8YpWSGBkQg==

"@esbuild/linux-ppc64@0.16.2":
  version "0.16.2"
  resolved "https://registry.npmmirror.com/@esbuild/linux-ppc64/-/linux-ppc64-0.16.2.tgz#db567dd114122bcb034910d79000ea9cca9db897"
  integrity sha512-s4YuINcRxCA9TElEf2iBdG6oZWdNu2Eb6R9TbRBcZOTdcgdBKIinaVyEiQ8H6nmCafWCuuJT8u66zds2ET3t1Q==

"@esbuild/linux-riscv64@0.16.2":
  version "0.16.2"
  resolved "https://registry.npmmirror.com/@esbuild/linux-riscv64/-/linux-riscv64-0.16.2.tgz#72e1fd9cc9972e662fcef9138636bd1259c3cd3a"
  integrity sha512-oacL6QGqVRhBCbBlFxODYfcCkB6tPmfanaWnsuHNI7m9LVkBuuDKpsC3XWOwkEQiLIJcvhhZKOkkgw49KxS1Dw==

"@esbuild/linux-s390x@0.16.2":
  version "0.16.2"
  resolved "https://registry.npmmirror.com/@esbuild/linux-s390x/-/linux-s390x-0.16.2.tgz#b0fd46338d0b4906cfc7e9c4b1850960432f2f7a"
  integrity sha512-5ifr0lshZbLI457Qe6y3MsDYv1cSOJ8awgi0HT14cS59WliT7bDkrr3kmDw/LqGOAPyDvDD+U8s2cFBSENetuA==

"@esbuild/linux-x64@0.16.2":
  version "0.16.2"
  resolved "https://registry.npmmirror.com/@esbuild/linux-x64/-/linux-x64-0.16.2.tgz#f323afb5e3f433093078dbfa261e8148970ada20"
  integrity sha512-TA/ORYlP6h2pfB/dzrPTMFWd1MaUYy7kwblWdzwkUtsTAJAKJlZwBhkKftSaUNNU5wtXNJ9+ucMDf7vBPbDjlw==

"@esbuild/netbsd-x64@0.16.2":
  version "0.16.2"
  resolved "https://registry.npmmirror.com/@esbuild/netbsd-x64/-/netbsd-x64-0.16.2.tgz#fa5c5ad79bbadfbd741423ee4ab22d2b0c55143f"
  integrity sha512-oBH2Aj4fL9FLlkIi2wYGckydKHVKmYrqiqt91i6kFE1mF7B05YYttrlOHAf3JzWIJQWyvzvsmoA/XFPf1sTgBw==

"@esbuild/openbsd-x64@0.16.2":
  version "0.16.2"
  resolved "https://registry.npmmirror.com/@esbuild/openbsd-x64/-/openbsd-x64-0.16.2.tgz#a20232bdb2ed8731294bed401cbf0e10dada4540"
  integrity sha512-eKOpYr7CiF9GZxu18iOQGfzQ4htO6KGhXriW2raJvRO0G27Lu7ArAI/kW71yTPaFqlf9gCmCGaTPr2tmiUePVg==

"@esbuild/sunos-x64@0.16.2":
  version "0.16.2"
  resolved "https://registry.npmmirror.com/@esbuild/sunos-x64/-/sunos-x64-0.16.2.tgz#d57d9b3121b028dcee8d7ec556b514a0545872c9"
  integrity sha512-1HsQLVnjhlscekE8H5Xj49xPvd0c74eoZEjh+OUnr+x7vCXdTVdFDgao9QM0H9zfioxJN1ZH7534LwxEaAWaIA==

"@esbuild/win32-arm64@0.16.2":
  version "0.16.2"
  resolved "https://registry.npmmirror.com/@esbuild/win32-arm64/-/win32-arm64-0.16.2.tgz#a548cff2e5bcd5cdfe1431320b9fee81440d26f1"
  integrity sha512-G9AWjsnVxGQj8z0WgaDwTKgXzwc9zLPYDFoLE4oAGI/TQnft0eQjc+CKiWRyoa+a/c3XIFGXoWnW+17kbibSfA==

"@esbuild/win32-ia32@0.16.2":
  version "0.16.2"
  resolved "https://registry.npmmirror.com/@esbuild/win32-ia32/-/win32-ia32-0.16.2.tgz#8f96eb33303344ec70460a44d3189b673e29cf5b"
  integrity sha512-UJqmfPsiSX/wP1kY5JMordRqNU2r8n8ieXmNimp4r35sQEX3bjnSkPJ2E8BM8W8ecmEL+oDjYjulkTT3zSPa1g==

"@esbuild/win32-x64@0.16.2":
  version "0.16.2"
  resolved "https://registry.npmmirror.com/@esbuild/win32-x64/-/win32-x64-0.16.2.tgz#01350ef54fb4b2a0b423072d30deceaa5c1c529e"
  integrity sha512-1+PQiGAbbGlIXXlp9i/5JRpodCsozGTjffaD4W1LgeoynWef38VD8NNC8yG366NYXHHHLR1pN6MQZ9r2na/S1A==

calc-s2-rust@^1.0.3:
  version "1.0.3"
  resolved "https://registry.npmmirror.com/calc-s2-rust/-/calc-s2-rust-1.0.3.tgz#8e007b04ad97520a9436b6585556c573d1b128e8"
  integrity sha512-P2VhE10igqN4PWtmceIR7/wSQWIpnTMzSNTWKiSykG+Ojymu9mEDhdsP7yyO/KG1sRcESXE2vNTskZ2ojiY56A==

esbuild-android-64@0.15.18:
  version "0.15.18"
  resolved "https://registry.npmmirror.com/esbuild-android-64/-/esbuild-android-64-0.15.18.tgz#20a7ae1416c8eaade917fb2453c1259302c637a5"
  integrity sha512-wnpt3OXRhcjfIDSZu9bnzT4/TNTDsOUvip0foZOUBG7QbSt//w3QV4FInVJxNhKc/ErhUxc5z4QjHtMi7/TbgA==

esbuild-android-arm64@0.15.18:
  version "0.15.18"
  resolved "https://registry.npmmirror.com/esbuild-android-arm64/-/esbuild-android-arm64-0.15.18.tgz#9cc0ec60581d6ad267568f29cf4895ffdd9f2f04"
  integrity sha512-G4xu89B8FCzav9XU8EjsXacCKSG2FT7wW9J6hOc18soEHJdtWu03L3TQDGf0geNxfLTtxENKBzMSq9LlbjS8OQ==

esbuild-darwin-64@0.15.18:
  version "0.15.18"
  resolved "https://registry.npmmirror.com/esbuild-darwin-64/-/esbuild-darwin-64-0.15.18.tgz#428e1730ea819d500808f220fbc5207aea6d4410"
  integrity sha512-2WAvs95uPnVJPuYKP0Eqx+Dl/jaYseZEUUT1sjg97TJa4oBtbAKnPnl3b5M9l51/nbx7+QAEtuummJZW0sBEmg==

esbuild-darwin-arm64@0.15.18:
  version "0.15.18"
  resolved "https://registry.npmmirror.com/esbuild-darwin-arm64/-/esbuild-darwin-arm64-0.15.18.tgz#b6dfc7799115a2917f35970bfbc93ae50256b337"
  integrity sha512-tKPSxcTJ5OmNb1btVikATJ8NftlyNlc8BVNtyT/UAr62JFOhwHlnoPrhYWz09akBLHI9nElFVfWSTSRsrZiDUA==

esbuild-freebsd-64@0.15.18:
  version "0.15.18"
  resolved "https://registry.npmmirror.com/esbuild-freebsd-64/-/esbuild-freebsd-64-0.15.18.tgz#4e190d9c2d1e67164619ae30a438be87d5eedaf2"
  integrity sha512-TT3uBUxkteAjR1QbsmvSsjpKjOX6UkCstr8nMr+q7zi3NuZ1oIpa8U41Y8I8dJH2fJgdC3Dj3CXO5biLQpfdZA==

esbuild-freebsd-arm64@0.15.18:
  version "0.15.18"
  resolved "https://registry.npmmirror.com/esbuild-freebsd-arm64/-/esbuild-freebsd-arm64-0.15.18.tgz#18a4c0344ee23bd5a6d06d18c76e2fd6d3f91635"
  integrity sha512-R/oVr+X3Tkh+S0+tL41wRMbdWtpWB8hEAMsOXDumSSa6qJR89U0S/PpLXrGF7Wk/JykfpWNokERUpCeHDl47wA==

esbuild-linux-32@0.15.18:
  version "0.15.18"
  resolved "https://registry.npmmirror.com/esbuild-linux-32/-/esbuild-linux-32-0.15.18.tgz#9a329731ee079b12262b793fb84eea762e82e0ce"
  integrity sha512-lphF3HiCSYtaa9p1DtXndiQEeQDKPl9eN/XNoBf2amEghugNuqXNZA/ZovthNE2aa4EN43WroO0B85xVSjYkbg==

esbuild-linux-64@0.15.18:
  version "0.15.18"
  resolved "https://registry.npmmirror.com/esbuild-linux-64/-/esbuild-linux-64-0.15.18.tgz#532738075397b994467b514e524aeb520c191b6c"
  integrity sha512-hNSeP97IviD7oxLKFuii5sDPJ+QHeiFTFLoLm7NZQligur8poNOWGIgpQ7Qf8Balb69hptMZzyOBIPtY09GZYw==

esbuild-linux-arm64@0.15.18:
  version "0.15.18"
  resolved "https://registry.npmmirror.com/esbuild-linux-arm64/-/esbuild-linux-arm64-0.15.18.tgz#5372e7993ac2da8f06b2ba313710d722b7a86e5d"
  integrity sha512-54qr8kg/6ilcxd+0V3h9rjT4qmjc0CccMVWrjOEM/pEcUzt8X62HfBSeZfT2ECpM7104mk4yfQXkosY8Quptug==

esbuild-linux-arm@0.15.18:
  version "0.15.18"
  resolved "https://registry.npmmirror.com/esbuild-linux-arm/-/esbuild-linux-arm-0.15.18.tgz#e734aaf259a2e3d109d4886c9e81ec0f2fd9a9cc"
  integrity sha512-UH779gstRblS4aoS2qpMl3wjg7U0j+ygu3GjIeTonCcN79ZvpPee12Qun3vcdxX+37O5LFxz39XeW2I9bybMVA==

esbuild-linux-mips64le@0.15.18:
  version "0.15.18"
  resolved "https://registry.npmmirror.com/esbuild-linux-mips64le/-/esbuild-linux-mips64le-0.15.18.tgz#c0487c14a9371a84eb08fab0e1d7b045a77105eb"
  integrity sha512-Mk6Ppwzzz3YbMl/ZZL2P0q1tnYqh/trYZ1VfNP47C31yT0K8t9s7Z077QrDA/guU60tGNp2GOwCQnp+DYv7bxQ==

esbuild-linux-ppc64le@0.15.18:
  version "0.15.18"
  resolved "https://registry.npmmirror.com/esbuild-linux-ppc64le/-/esbuild-linux-ppc64le-0.15.18.tgz#af048ad94eed0ce32f6d5a873f7abe9115012507"
  integrity sha512-b0XkN4pL9WUulPTa/VKHx2wLCgvIAbgwABGnKMY19WhKZPT+8BxhZdqz6EgkqCLld7X5qiCY2F/bfpUUlnFZ9w==

esbuild-linux-riscv64@0.15.18:
  version "0.15.18"
  resolved "https://registry.npmmirror.com/esbuild-linux-riscv64/-/esbuild-linux-riscv64-0.15.18.tgz#423ed4e5927bd77f842bd566972178f424d455e6"
  integrity sha512-ba2COaoF5wL6VLZWn04k+ACZjZ6NYniMSQStodFKH/Pu6RxzQqzsmjR1t9QC89VYJxBeyVPTaHuBMCejl3O/xg==

esbuild-linux-s390x@0.15.18:
  version "0.15.18"
  resolved "https://registry.npmmirror.com/esbuild-linux-s390x/-/esbuild-linux-s390x-0.15.18.tgz#21d21eaa962a183bfb76312e5a01cc5ae48ce8eb"
  integrity sha512-VbpGuXEl5FCs1wDVp93O8UIzl3ZrglgnSQ+Hu79g7hZu6te6/YHgVJxCM2SqfIila0J3k0csfnf8VD2W7u2kzQ==

esbuild-netbsd-64@0.15.18:
  version "0.15.18"
  resolved "https://registry.npmmirror.com/esbuild-netbsd-64/-/esbuild-netbsd-64-0.15.18.tgz#ae75682f60d08560b1fe9482bfe0173e5110b998"
  integrity sha512-98ukeCdvdX7wr1vUYQzKo4kQ0N2p27H7I11maINv73fVEXt2kyh4K4m9f35U1K43Xc2QGXlzAw0K9yoU7JUjOg==

esbuild-openbsd-64@0.15.18:
  version "0.15.18"
  resolved "https://registry.npmmirror.com/esbuild-openbsd-64/-/esbuild-openbsd-64-0.15.18.tgz#79591a90aa3b03e4863f93beec0d2bab2853d0a8"
  integrity sha512-yK5NCcH31Uae076AyQAXeJzt/vxIo9+omZRKj1pauhk3ITuADzuOx5N2fdHrAKPxN+zH3w96uFKlY7yIn490xQ==

esbuild-sunos-64@0.15.18:
  version "0.15.18"
  resolved "https://registry.npmmirror.com/esbuild-sunos-64/-/esbuild-sunos-64-0.15.18.tgz#fd528aa5da5374b7e1e93d36ef9b07c3dfed2971"
  integrity sha512-On22LLFlBeLNj/YF3FT+cXcyKPEI263nflYlAhz5crxtp3yRG1Ugfr7ITyxmCmjm4vbN/dGrb/B7w7U8yJR9yw==

esbuild-windows-32@0.15.18:
  version "0.15.18"
  resolved "https://registry.npmmirror.com/esbuild-windows-32/-/esbuild-windows-32-0.15.18.tgz#0e92b66ecdf5435a76813c4bc5ccda0696f4efc3"
  integrity sha512-o+eyLu2MjVny/nt+E0uPnBxYuJHBvho8vWsC2lV61A7wwTWC3jkN2w36jtA+yv1UgYkHRihPuQsL23hsCYGcOQ==

esbuild-windows-64@0.15.18:
  version "0.15.18"
  resolved "https://registry.npmmirror.com/esbuild-windows-64/-/esbuild-windows-64-0.15.18.tgz#0fc761d785414284fc408e7914226d33f82420d0"
  integrity sha512-qinug1iTTaIIrCorAUjR0fcBk24fjzEedFYhhispP8Oc7SFvs+XeW3YpAKiKp8dRpizl4YYAhxMjlftAMJiaUw==

esbuild-windows-arm64@0.15.18:
  version "0.15.18"
  resolved "https://registry.npmmirror.com/esbuild-windows-arm64/-/esbuild-windows-arm64-0.15.18.tgz#5b5bdc56d341d0922ee94965c89ee120a6a86eb7"
  integrity sha512-q9bsYzegpZcLziq0zgUi5KqGVtfhjxGbnksaBFYmWLxeV/S1fK4OLdq2DFYnXcLMjlZw2L0jLsk1eGoB522WXQ==

esbuild@^0.15.9:
  version "0.15.18"
  resolved "https://registry.npmmirror.com/esbuild/-/esbuild-0.15.18.tgz#ea894adaf3fbc036d32320a00d4d6e4978a2f36d"
  integrity sha512-x/R72SmW3sSFRm5zrrIjAhCeQSAWoni3CmHEqfQrZIQTM3lVCdehdwuIqaOtfC2slvpdlLa62GYoN8SxT23m6Q==
  optionalDependencies:
    "@esbuild/android-arm" "0.15.18"
    "@esbuild/linux-loong64" "0.15.18"
    esbuild-android-64 "0.15.18"
    esbuild-android-arm64 "0.15.18"
    esbuild-darwin-64 "0.15.18"
    esbuild-darwin-arm64 "0.15.18"
    esbuild-freebsd-64 "0.15.18"
    esbuild-freebsd-arm64 "0.15.18"
    esbuild-linux-32 "0.15.18"
    esbuild-linux-64 "0.15.18"
    esbuild-linux-arm "0.15.18"
    esbuild-linux-arm64 "0.15.18"
    esbuild-linux-mips64le "0.15.18"
    esbuild-linux-ppc64le "0.15.18"
    esbuild-linux-riscv64 "0.15.18"
    esbuild-linux-s390x "0.15.18"
    esbuild-netbsd-64 "0.15.18"
    esbuild-openbsd-64 "0.15.18"
    esbuild-sunos-64 "0.15.18"
    esbuild-windows-32 "0.15.18"
    esbuild-windows-64 "0.15.18"
    esbuild-windows-arm64 "0.15.18"

esbuild@^0.16.1:
  version "0.16.2"
  resolved "https://registry.npmmirror.com/esbuild/-/esbuild-0.16.2.tgz#5d864a37c12a8b19340ead348b2cd51b096bbde8"
  integrity sha512-Rv/CJquZKE00irDLDpk9jmWmtxx1NW+MGpBbNNouaDY0oBwk806uJ51WpLaJBQUxhZqLauX2rrNol5lVQceHJw==
  optionalDependencies:
    "@esbuild/android-arm" "0.16.2"
    "@esbuild/android-arm64" "0.16.2"
    "@esbuild/android-x64" "0.16.2"
    "@esbuild/darwin-arm64" "0.16.2"
    "@esbuild/darwin-x64" "0.16.2"
    "@esbuild/freebsd-arm64" "0.16.2"
    "@esbuild/freebsd-x64" "0.16.2"
    "@esbuild/linux-arm" "0.16.2"
    "@esbuild/linux-arm64" "0.16.2"
    "@esbuild/linux-ia32" "0.16.2"
    "@esbuild/linux-loong64" "0.16.2"
    "@esbuild/linux-mips64el" "0.16.2"
    "@esbuild/linux-ppc64" "0.16.2"
    "@esbuild/linux-riscv64" "0.16.2"
    "@esbuild/linux-s390x" "0.16.2"
    "@esbuild/linux-x64" "0.16.2"
    "@esbuild/netbsd-x64" "0.16.2"
    "@esbuild/openbsd-x64" "0.16.2"
    "@esbuild/sunos-x64" "0.16.2"
    "@esbuild/win32-arm64" "0.16.2"
    "@esbuild/win32-ia32" "0.16.2"
    "@esbuild/win32-x64" "0.16.2"

fsevents@~2.3.2:
  version "2.3.2"
  resolved "https://registry.npmmirror.com/fsevents/-/fsevents-2.3.2.tgz#8a526f78b8fdf4623b709e0b975c52c24c02fd1a"
  integrity sha512-xiqMQR4xAeHTuB9uWm+fFRcIOgKBMiOBP+eXiyT7jsgVCq1bkVygt00oASowB7EdtpOHaaPgKt812P9ab+DDKA==

function-bind@^1.1.1:
  version "1.1.1"
  resolved "https://registry.npmmirror.com/function-bind/-/function-bind-1.1.1.tgz#a56899d3ea3c9bab874bb9773b7c5ede92f4895d"
  integrity sha512-yIovAzMX49sF8Yl58fSCWJ5svSLuaibPxXQJFLmBObTuCr0Mf1KiPopGM9NiFjiYBCbfaa2Fh6breQ6ANVTI0A==

has@^1.0.3:
  version "1.0.3"
  resolved "https://registry.npmmirror.com/has/-/has-1.0.3.tgz#722d7cbfc1f6aa8241f16dd814e011e1f41e8796"
  integrity sha512-f2dvO0VU6Oej7RkWJGrehjbzMAjFp5/VKPp5tTpWIV4JHHZK1/BxbFRtf/siA2SWTe09caDmVtYYzWEIbBS4zw==
  dependencies:
    function-bind "^1.1.1"

is-core-module@^2.9.0:
  version "2.11.0"
  resolved "https://registry.npmmirror.com/is-core-module/-/is-core-module-2.11.0.tgz#ad4cb3e3863e814523c96f3f58d26cc570ff0144"
  integrity sha512-RRjxlvLDkD1YJwDbroBHMb+cukurkDWNyHx7D3oNB5x9rb5ogcksMC5wHCadcXoo67gVr/+3GFySh3134zi6rw==
  dependencies:
    has "^1.0.3"

nanoid@^3.3.4:
  version "3.3.4"
  resolved "https://registry.npmmirror.com/nanoid/-/nanoid-3.3.4.tgz#730b67e3cd09e2deacf03c027c81c9d9dbc5e8ab"
  integrity sha512-MqBkQh/OHTS2egovRtLk45wEyNXwF+cokD+1YPf9u5VfJiRdAiRwB2froX5Co9Rh20xs4siNPm8naNotSD6RBw==

path-parse@^1.0.7:
  version "1.0.7"
  resolved "https://registry.npmmirror.com/path-parse/-/path-parse-1.0.7.tgz#fbc114b60ca42b30d9daf5858e4bd68bbedb6735"
  integrity sha512-LDJzPVEEEPR+y48z93A0Ed0yXb8pAByGWo/k5YYdYgpY2/2EsOsksJrq7lOHxryrVOn1ejG6oAp8ahvOIQD8sw==

picocolors@^1.0.0:
  version "1.0.0"
  resolved "https://registry.npmmirror.com/picocolors/-/picocolors-1.0.0.tgz#cb5bdc74ff3f51892236eaf79d68bc44564ab81c"
  integrity sha512-1fygroTLlHu66zi26VoTDv8yRgm0Fccecssto+MhsZ0D/DGW2sm8E8AjW7NU5VVTRt5GxbeZ5qBuJr+HyLYkjQ==

postcss@^8.4.18, postcss@^8.4.19:
  version "8.4.19"
  resolved "https://registry.npmmirror.com/postcss/-/postcss-8.4.19.tgz#61178e2add236b17351897c8bcc0b4c8ecab56fc"
  integrity sha512-h+pbPsyhlYj6N2ozBmHhHrs9DzGmbaarbLvWipMRO7RLS+v4onj26MPFXA5OBYFxyqYhUJK456SwDcY9H2/zsA==
  dependencies:
    nanoid "^3.3.4"
    picocolors "^1.0.0"
    source-map-js "^1.0.2"

resolve@^1.22.1:
  version "1.22.1"
  resolved "https://registry.npmmirror.com/resolve/-/resolve-1.22.1.tgz#27cb2ebb53f91abb49470a928bba7558066ac177"
  integrity sha512-nBpuuYuY5jFsli/JIs1oldw6fOQCBioohqWZg/2hiaOybXOft4lonv85uDOKXdf8rhyK159cxU5cDcK/NKk8zw==
  dependencies:
    is-core-module "^2.9.0"
    path-parse "^1.0.7"
    supports-preserve-symlinks-flag "^1.0.0"

rollup@^2.79.1:
  version "2.79.1"
  resolved "https://registry.npmmirror.com/rollup/-/rollup-2.79.1.tgz#bedee8faef7c9f93a2647ac0108748f497f081c7"
  integrity sha512-uKxbd0IhMZOhjAiD5oAFp7BqvkA4Dv47qpOCtaNvng4HBwdbWtdOh8f5nZNuk2rp51PMGk3bzfWu5oayNEuYnw==
  optionalDependencies:
    fsevents "~2.3.2"

rollup@^3.6.0:
  version "3.7.0"
  resolved "https://registry.npmmirror.com/rollup/-/rollup-3.7.0.tgz#7c4310378cf28764abb6b7611c9ccec081ff6d97"
  integrity sha512-FIJe0msW9P7L9BTfvaJyvn1U1BVCNTL3w8O+PKIrCyiMLg+rIUGb4MbcgVZ10Lnm1uWXOTOWRNARjfXC1+M12Q==
  optionalDependencies:
    fsevents "~2.3.2"

source-map-js@^1.0.2:
  version "1.0.2"
  resolved "https://registry.npmmirror.com/source-map-js/-/source-map-js-1.0.2.tgz#adbc361d9c62df380125e7f161f71c826f1e490c"
  integrity sha512-R0XvVJ9WusLiqTCEiGCmICCMplcCkIwwR11mOSD9CR5u+IXYdiseeEuXCVAjS54zqwkLcPNnmU4OeJ6tUrWhDw==

supports-preserve-symlinks-flag@^1.0.0:
  version "1.0.0"
  resolved "https://registry.npmmirror.com/supports-preserve-symlinks-flag/-/supports-preserve-symlinks-flag-1.0.0.tgz#6eda4bd344a3c94aea376d4cc31bc77311039e09"
  integrity sha512-ot0WnXS9fgdkgIcePe6RHNk1WA8+muPa6cSjeR3V8K27q9BB1rTE3R1p7Hv0z1ZyAc8s6Vvv8DIyWf681MAt0w==

typescript@^4.9.3:
  version "4.9.4"
  resolved "https://registry.npmmirror.com/typescript/-/typescript-4.9.4.tgz#a2a3d2756c079abda241d75f149df9d561091e78"
  integrity sha512-Uz+dTXYzxXXbsFpM86Wh3dKCxrQqUcVMxwU54orwlJjOpO3ao8L7j5lH+dWfTwgCwIuM9GQ2kvVotzYJMXTBZg==

vite-plugin-wasm@^3.1.0:
  version "3.1.0"
  resolved "https://registry.npmmirror.com/vite-plugin-wasm/-/vite-plugin-wasm-3.1.0.tgz#44095059f3c7137b7babe6afc2f96eb4d6d6e950"
  integrity sha512-RzqOR+zMqqNZOhplq7XM9bkFNfW/Cs1VVj7p+aAdOznCBGwxYLqqzLGxuRwTV31HOGtDGjA8nvgcZG3GwmeVZQ==
  dependencies:
    vite "^3"

vite@^3:
  version "3.2.5"
  resolved "https://registry.npmmirror.com/vite/-/vite-3.2.5.tgz#dee5678172a8a0ab3e547ad4148c3d547f90e86a"
  integrity sha512-4mVEpXpSOgrssFZAOmGIr85wPHKvaDAcXqxVxVRZhljkJOMZi1ibLibzjLHzJvcok8BMguLc7g1W6W/GqZbLdQ==
  dependencies:
    esbuild "^0.15.9"
    postcss "^8.4.18"
    resolve "^1.22.1"
    rollup "^2.79.1"
  optionalDependencies:
    fsevents "~2.3.2"

vite@^4.0.0-beta.3:
  version "4.0.0-beta.5"
  resolved "https://registry.npmmirror.com/vite/-/vite-4.0.0-beta.5.tgz#b0f4d3816ff4b2ca93dbd445adc6053b9dfea1bf"
  integrity sha512-NNzcqXIFHFYVoP6bDcUitcIvSVHdrUBNr4wztCUbbi2Xmya2cc/tglCh73ncfsyzAT/WDLRoIeKG7Dp1r7LRVA==
  dependencies:
    esbuild "^0.16.1"
    postcss "^8.4.19"
    resolve "^1.22.1"
    rollup "^3.6.0"
  optionalDependencies:
    fsevents "~2.3.2"
